
Microsoft Visual Studio Solution File, Format Version 12.00
# Visual Studio 15
VisualStudioVersion = 15.0.28010.2048
MinimumVisualStudioVersion = 10.0.40219.1
Project("{FAE04EC0-301F-11D3-BF4B-00C04F79EFBC}") = "WebApplication4", "WebApplication4\WebApplication4.csproj", "{B6786992-3905-4591-96D3-27FF3E4F2D92}"
EndProject
Global
	GlobalSection(SolutionConfigurationPlatforms) = preSolution
		Debug|Any CPU = Debug|Any CPU
		Release|Any CPU = Release|Any CPU
	EndGlobalSection
	GlobalSection(ProjectConfigurationPlatforms) = postSolution
		{B6786992-3905-4591-96D3-27FF3E4F2D92}.Debug|Any CPU.ActiveCfg = Debug|Any CPU
		{B6786992-3905-4591-96D3-27FF3E4F2D92}.Debug|Any CPU.Build.0 = Debug|Any CPU
		{B6786992-3905-4591-96D3-27FF3E4F2D92}.Release|Any CPU.ActiveCfg = Release|Any CPU
		{B6786992-3905-4591-96D3-27FF3E4F2D92}.Release|Any CPU.Build.0 = Release|Any CPU
	EndGlobalSection
	GlobalSection(SolutionProperties) = preSolution
		HideSolutionNode = FALSE
	EndGlobalSection
	GlobalSection(ExtensibilityGlobals) = postSolution
		SolutionGuid = {6B6775B7-7FFC-46EA-AB53-1CE21A5168F7}
	EndGlobalSection
EndGlobal
